
Microsoft Visual Studio Solution File, Format Version 12.00
# Visual Studio 14
VisualStudioVersion = 14.0.25420.1
MinimumVisualStudioVersion = 10.0.40219.1
Project("{FAE04EC0-301F-11D3-BF4B-00C04F79EFBC}") = "Cigars", "Cigars\Cigars\Cigars.csproj", "{73AFC7D4-AD59-40E3-ADF5-78D60C9A6FD3}"
EndProject
Project("{FAE04EC0-301F-11D3-BF4B-00C04F79EFBC}") = "Cigars.Droid", "Cigars\Cigars.Droid\Cigars.Droid.csproj", "{75B23FE4-AEF6-49DE-B731-BD5F13E8286B}"
EndProject
Project("{FAE04EC0-301F-11D3-BF4B-00C04F79EFBC}") = "Cigars.iOS", "Cigars\Cigars.iOS\Cigars.iOS.csproj", "{DD854942-C46D-45E6-A84B-F78CF0DE5B47}"
EndProject
Project("{FAE04EC0-301F-11D3-BF4B-00C04F79EFBC}") = "Cigars.WinPhone", "Cigars\Cigars.WinPhone\Cigars.WinPhone.csproj", "{0CD1319C-0DFA-444E-95F4-20E21BA44CBF}"
EndProject
Project("{FAE04EC0-301F-11D3-BF4B-00C04F79EFBC}") = "Cigars.UWP", "Cigars\Cigars.UWP\Cigars.UWP.csproj", "{7390A39A-6C07-4E36-A029-3FE69A6DE14B}"
EndProject
Project("{FAE04EC0-301F-11D3-BF4B-00C04F79EFBC}") = "Cigars.Windows", "Cigars\Cigars.Windows\Cigars.Windows.csproj", "{8B57EA0D-7191-486E-A4DE-99A7E4912BBE}"
EndProject
Global
	GlobalSection(SolutionConfigurationPlatforms) = preSolution
		Ad-Hoc|Any CPU = Ad-Hoc|Any CPU
		Ad-Hoc|ARM = Ad-Hoc|ARM
		Ad-Hoc|iPhone = Ad-Hoc|iPhone
		Ad-Hoc|iPhoneSimulator = Ad-Hoc|iPhoneSimulator
		Ad-Hoc|x64 = Ad-Hoc|x64
		Ad-Hoc|x86 = Ad-Hoc|x86
		AppStore|Any CPU = AppStore|Any CPU
		AppStore|ARM = AppStore|ARM
		AppStore|iPhone = AppStore|iPhone
		AppStore|iPhoneSimulator = AppStore|iPhoneSimulator
		AppStore|x64 = AppStore|x64
		AppStore|x86 = AppStore|x86
		Debug|Any CPU = Debug|Any CPU
		Debug|ARM = Debug|ARM
		Debug|iPhone = Debug|iPhone
		Debug|iPhoneSimulator = Debug|iPhoneSimulator
		Debug|x64 = Debug|x64
		Debug|x86 = Debug|x86
		Release|Any CPU = Release|Any CPU
		Release|ARM = Release|ARM
		Release|iPhone = Release|iPhone
		Release|iPhoneSimulator = Release|iPhoneSimulator
		Release|x64 = Release|x64
		Release|x86 = Release|x86
	EndGlobalSection
	GlobalSection(ProjectConfigurationPlatforms) = postSolution
		{73AFC7D4-AD59-40E3-ADF5-78D60C9A6FD3}.Ad-Hoc|Any CPU.ActiveCfg = Release|Any CPU
		{73AFC7D4-AD59-40E3-ADF5-78D60C9A6FD3}.Ad-Hoc|Any CPU.Build.0 = Release|Any CPU
		{73AFC7D4-AD59-40E3-ADF5-78D60C9A6FD3}.Ad-Hoc|ARM.ActiveCfg = Release|Any CPU
		{73AFC7D4-AD59-40E3-ADF5-78D60C9A6FD3}.Ad-Hoc|ARM.Build.0 = Release|Any CPU
		{73AFC7D4-AD59-40E3-ADF5-78D60C9A6FD3}.Ad-Hoc|iPhone.ActiveCfg = Release|Any CPU
		{73AFC7D4-AD59-40E3-ADF5-78D60C9A6FD3}.Ad-Hoc|iPhone.Build.0 = Release|Any CPU
		{73AFC7D4-AD59-40E3-ADF5-78D60C9A6FD3}.Ad-Hoc|iPhoneSimulator.ActiveCfg = Release|Any CPU
		{73AFC7D4-AD59-40E3-ADF5-78D60C9A6FD3}.Ad-Hoc|iPhoneSimulator.Build.0 = Release|Any CPU
		{73AFC7D4-AD59-40E3-ADF5-78D60C9A6FD3}.Ad-Hoc|x64.ActiveCfg = Release|Any CPU
		{73AFC7D4-AD59-40E3-ADF5-78D60C9A6FD3}.Ad-Hoc|x64.Build.0 = Release|Any CPU
		{73AFC7D4-AD59-40E3-ADF5-78D60C9A6FD3}.Ad-Hoc|x86.ActiveCfg = Release|Any CPU
		{73AFC7D4-AD59-40E3-ADF5-78D60C9A6FD3}.Ad-Hoc|x86.Build.0 = Release|Any CPU
		{73AFC7D4-AD59-40E3-ADF5-78D60C9A6FD3}.AppStore|Any CPU.ActiveCfg = Release|Any CPU
		{73AFC7D4-AD59-40E3-ADF5-78D60C9A6FD3}.AppStore|Any CPU.Build.0 = Release|Any CPU
		{73AFC7D4-AD59-40E3-ADF5-78D60C9A6FD3}.AppStore|ARM.ActiveCfg = Release|Any CPU
		{73AFC7D4-AD59-40E3-ADF5-78D60C9A6FD3}.AppStore|ARM.Build.0 = Release|Any CPU
		{73AFC7D4-AD59-40E3-ADF5-78D60C9A6FD3}.AppStore|iPhone.ActiveCfg = Release|Any CPU
		{73AFC7D4-AD59-40E3-ADF5-78D60C9A6FD3}.AppStore|iPhone.Build.0 = Release|Any CPU
		{73AFC7D4-AD59-40E3-ADF5-78D60C9A6FD3}.AppStore|iPhoneSimulator.ActiveCfg = Release|Any CPU
		{73AFC7D4-AD59-40E3-ADF5-78D60C9A6FD3}.AppStore|iPhoneSimulator.Build.0 = Release|Any CPU
		{73AFC7D4-AD59-40E3-ADF5-78D60C9A6FD3}.AppStore|x64.ActiveCfg = Release|Any CPU
		{73AFC7D4-AD59-40E3-ADF5-78D60C9A6FD3}.AppStore|x64.Build.0 = Release|Any CPU
		{73AFC7D4-AD59-40E3-ADF5-78D60C9A6FD3}.AppStore|x86.ActiveCfg = Release|Any CPU
		{73AFC7D4-AD59-40E3-ADF5-78D60C9A6FD3}.AppStore|x86.Build.0 = Release|Any CPU
		{73AFC7D4-AD59-40E3-ADF5-78D60C9A6FD3}.Debug|Any CPU.ActiveCfg = Debug|Any CPU
		{73AFC7D4-AD59-40E3-ADF5-78D60C9A6FD3}.Debug|Any CPU.Build.0 = Debug|Any CPU
		{73AFC7D4-AD59-40E3-ADF5-78D60C9A6FD3}.Debug|ARM.ActiveCfg = Debug|Any CPU
		{73AFC7D4-AD59-40E3-ADF5-78D60C9A6FD3}.Debug|ARM.Build.0 = Debug|Any CPU
		{73AFC7D4-AD59-40E3-ADF5-78D60C9A6FD3}.Debug|iPhone.ActiveCfg = Debug|Any CPU
		{73AFC7D4-AD59-40E3-ADF5-78D60C9A6FD3}.Debug|iPhone.Build.0 = Debug|Any CPU
		{73AFC7D4-AD59-40E3-ADF5-78D60C9A6FD3}.Debug|iPhoneSimulator.ActiveCfg = Debug|Any CPU
		{73AFC7D4-AD59-40E3-ADF5-78D60C9A6FD3}.Debug|iPhoneSimulator.Build.0 = Debug|Any CPU
		{73AFC7D4-AD59-40E3-ADF5-78D60C9A6FD3}.Debug|x64.ActiveCfg = Debug|Any CPU
		{73AFC7D4-AD59-40E3-ADF5-78D60C9A6FD3}.Debug|x64.Build.0 = Debug|Any CPU
		{73AFC7D4-AD59-40E3-ADF5-78D60C9A6FD3}.Debug|x86.ActiveCfg = Debug|Any CPU
		{73AFC7D4-AD59-40E3-ADF5-78D60C9A6FD3}.Debug|x86.Build.0 = Debug|Any CPU
		{73AFC7D4-AD59-40E3-ADF5-78D60C9A6FD3}.Release|Any CPU.ActiveCfg = Release|Any CPU
		{73AFC7D4-AD59-40E3-ADF5-78D60C9A6FD3}.Release|Any CPU.Build.0 = Release|Any CPU
		{73AFC7D4-AD59-40E3-ADF5-78D60C9A6FD3}.Release|ARM.ActiveCfg = Release|Any CPU
		{73AFC7D4-AD59-40E3-ADF5-78D60C9A6FD3}.Release|ARM.Build.0 = Release|Any CPU
		{73AFC7D4-AD59-40E3-ADF5-78D60C9A6FD3}.Release|iPhone.ActiveCfg = Release|Any CPU
		{73AFC7D4-AD59-40E3-ADF5-78D60C9A6FD3}.Release|iPhone.Build.0 = Release|Any CPU
		{73AFC7D4-AD59-40E3-ADF5-78D60C9A6FD3}.Release|iPhoneSimulator.ActiveCfg = Release|Any CPU
		{73AFC7D4-AD59-40E3-ADF5-78D60C9A6FD3}.Release|iPhoneSimulator.Build.0 = Release|Any CPU
		{73AFC7D4-AD59-40E3-ADF5-78D60C9A6FD3}.Release|x64.ActiveCfg = Release|Any CPU
		{73AFC7D4-AD59-40E3-ADF5-78D60C9A6FD3}.Release|x64.Build.0 = Release|Any CPU
		{73AFC7D4-AD59-40E3-ADF5-78D60C9A6FD3}.Release|x86.ActiveCfg = Release|Any CPU
		{73AFC7D4-AD59-40E3-ADF5-78D60C9A6FD3}.Release|x86.Build.0 = Release|Any CPU
		{75B23FE4-AEF6-49DE-B731-BD5F13E8286B}.Ad-Hoc|Any CPU.ActiveCfg = Release|Any CPU
		{75B23FE4-AEF6-49DE-B731-BD5F13E8286B}.Ad-Hoc|Any CPU.Build.0 = Release|Any CPU
		{75B23FE4-AEF6-49DE-B731-BD5F13E8286B}.Ad-Hoc|Any CPU.Deploy.0 = Release|Any CPU
		{75B23FE4-AEF6-49DE-B731-BD5F13E8286B}.Ad-Hoc|ARM.ActiveCfg = Release|Any CPU
		{75B23FE4-AEF6-49DE-B731-BD5F13E8286B}.Ad-Hoc|ARM.Build.0 = Release|Any CPU
		{75B23FE4-AEF6-49DE-B731-BD5F13E8286B}.Ad-Hoc|ARM.Deploy.0 = Release|Any CPU
		{75B23FE4-AEF6-49DE-B731-BD5F13E8286B}.Ad-Hoc|iPhone.ActiveCfg = Release|Any CPU
		{75B23FE4-AEF6-49DE-B731-BD5F13E8286B}.Ad-Hoc|iPhone.Build.0 = Release|Any CPU
		{75B23FE4-AEF6-49DE-B731-BD5F13E8286B}.Ad-Hoc|iPhone.Deploy.0 = Release|Any CPU
		{75B23FE4-AEF6-49DE-B731-BD5F13E8286B}.Ad-Hoc|iPhoneSimulator.ActiveCfg = Release|Any CPU
		{75B23FE4-AEF6-49DE-B731-BD5F13E8286B}.Ad-Hoc|iPhoneSimulator.Build.0 = Release|Any CPU
		{75B23FE4-AEF6-49DE-B731-BD5F13E8286B}.Ad-Hoc|iPhoneSimulator.Deploy.0 = Release|Any CPU
		{75B23FE4-AEF6-49DE-B731-BD5F13E8286B}.Ad-Hoc|x64.ActiveCfg = Release|Any CPU
		{75B23FE4-AEF6-49DE-B731-BD5F13E8286B}.Ad-Hoc|x64.Build.0 = Release|Any CPU
		{75B23FE4-AEF6-49DE-B731-BD5F13E8286B}.Ad-Hoc|x64.Deploy.0 = Release|Any CPU
		{75B23FE4-AEF6-49DE-B731-BD5F13E8286B}.Ad-Hoc|x86.ActiveCfg = Release|Any CPU
		{75B23FE4-AEF6-49DE-B731-BD5F13E8286B}.Ad-Hoc|x86.Build.0 = Release|Any CPU
		{75B23FE4-AEF6-49DE-B731-BD5F13E8286B}.Ad-Hoc|x86.Deploy.0 = Release|Any CPU
		{75B23FE4-AEF6-49DE-B731-BD5F13E8286B}.AppStore|Any CPU.ActiveCfg = Release|Any CPU
		{75B23FE4-AEF6-49DE-B731-BD5F13E8286B}.AppStore|Any CPU.Build.0 = Release|Any CPU
		{75B23FE4-AEF6-49DE-B731-BD5F13E8286B}.AppStore|Any CPU.Deploy.0 = Release|Any CPU
		{75B23FE4-AEF6-49DE-B731-BD5F13E8286B}.AppStore|ARM.ActiveCfg = Release|Any CPU
		{75B23FE4-AEF6-49DE-B731-BD5F13E8286B}.AppStore|ARM.Build.0 = Release|Any CPU
		{75B23FE4-AEF6-49DE-B731-BD5F13E8286B}.AppStore|ARM.Deploy.0 = Release|Any CPU
		{75B23FE4-AEF6-49DE-B731-BD5F13E8286B}.AppStore|iPhone.ActiveCfg = Release|Any CPU
		{75B23FE4-AEF6-49DE-B731-BD5F13E8286B}.AppStore|iPhone.Build.0 = Release|Any CPU
		{75B23FE4-AEF6-49DE-B731-BD5F13E8286B}.AppStore|iPhone.Deploy.0 = Release|Any CPU
		{75B23FE4-AEF6-49DE-B731-BD5F13E8286B}.AppStore|iPhoneSimulator.ActiveCfg = Release|Any CPU
		{75B23FE4-AEF6-49DE-B731-BD5F13E8286B}.AppStore|iPhoneSimulator.Build.0 = Release|Any CPU
		{75B23FE4-AEF6-49DE-B731-BD5F13E8286B}.AppStore|iPhoneSimulator.Deploy.0 = Release|Any CPU
		{75B23FE4-AEF6-49DE-B731-BD5F13E8286B}.AppStore|x64.ActiveCfg = Release|Any CPU
		{75B23FE4-AEF6-49DE-B731-BD5F13E8286B}.AppStore|x64.Build.0 = Release|Any CPU
		{75B23FE4-AEF6-49DE-B731-BD5F13E8286B}.AppStore|x64.Deploy.0 = Release|Any CPU
		{75B23FE4-AEF6-49DE-B731-BD5F13E8286B}.AppStore|x86.ActiveCfg = Release|Any CPU
		{75B23FE4-AEF6-49DE-B731-BD5F13E8286B}.AppStore|x86.Build.0 = Release|Any CPU
		{75B23FE4-AEF6-49DE-B731-BD5F13E8286B}.AppStore|x86.Deploy.0 = Release|Any CPU
		{75B23FE4-AEF6-49DE-B731-BD5F13E8286B}.Debug|Any CPU.ActiveCfg = Debug|Any CPU
		{75B23FE4-AEF6-49DE-B731-BD5F13E8286B}.Debug|Any CPU.Build.0 = Debug|Any CPU
		{75B23FE4-AEF6-49DE-B731-BD5F13E8286B}.Debug|Any CPU.Deploy.0 = Debug|Any CPU
		{75B23FE4-AEF6-49DE-B731-BD5F13E8286B}.Debug|ARM.ActiveCfg = Debug|Any CPU
		{75B23FE4-AEF6-49DE-B731-BD5F13E8286B}.Debug|ARM.Build.0 = Debug|Any CPU
		{75B23FE4-AEF6-49DE-B731-BD5F13E8286B}.Debug|ARM.Deploy.0 = Debug|Any CPU
		{75B23FE4-AEF6-49DE-B731-BD5F13E8286B}.Debug|iPhone.ActiveCfg = Debug|Any CPU
		{75B23FE4-AEF6-49DE-B731-BD5F13E8286B}.Debug|iPhone.Build.0 = Debug|Any CPU
		{75B23FE4-AEF6-49DE-B731-BD5F13E8286B}.Debug|iPhone.Deploy.0 = Debug|Any CPU
		{75B23FE4-AEF6-49DE-B731-BD5F13E8286B}.Debug|iPhoneSimulator.ActiveCfg = Debug|Any CPU
		{75B23FE4-AEF6-49DE-B731-BD5F13E8286B}.Debug|iPhoneSimulator.Build.0 = Debug|Any CPU
		{75B23FE4-AEF6-49DE-B731-BD5F13E8286B}.Debug|iPhoneSimulator.Deploy.0 = Debug|Any CPU
		{75B23FE4-AEF6-49DE-B731-BD5F13E8286B}.Debug|x64.ActiveCfg = Debug|Any CPU
		{75B23FE4-AEF6-49DE-B731-BD5F13E8286B}.Debug|x64.Build.0 = Debug|Any CPU
		{75B23FE4-AEF6-49DE-B731-BD5F13E8286B}.Debug|x64.Deploy.0 = Debug|Any CPU
		{75B23FE4-AEF6-49DE-B731-BD5F13E8286B}.Debug|x86.ActiveCfg = Debug|Any CPU
		{75B23FE4-AEF6-49DE-B731-BD5F13E8286B}.Debug|x86.Build.0 = Debug|Any CPU
		{75B23FE4-AEF6-49DE-B731-BD5F13E8286B}.Debug|x86.Deploy.0 = Debug|Any CPU
		{75B23FE4-AEF6-49DE-B731-BD5F13E8286B}.Release|Any CPU.ActiveCfg = Release|Any CPU
		{75B23FE4-AEF6-49DE-B731-BD5F13E8286B}.Release|Any CPU.Build.0 = Release|Any CPU
		{75B23FE4-AEF6-49DE-B731-BD5F13E8286B}.Release|Any CPU.Deploy.0 = Release|Any CPU
		{75B23FE4-AEF6-49DE-B731-BD5F13E8286B}.Release|ARM.ActiveCfg = Release|Any CPU
		{75B23FE4-AEF6-49DE-B731-BD5F13E8286B}.Release|ARM.Build.0 = Release|Any CPU
		{75B23FE4-AEF6-49DE-B731-BD5F13E8286B}.Release|ARM.Deploy.0 = Release|Any CPU
		{75B23FE4-AEF6-49DE-B731-BD5F13E8286B}.Release|iPhone.ActiveCfg = Release|Any CPU
		{75B23FE4-AEF6-49DE-B731-BD5F13E8286B}.Release|iPhone.Build.0 = Release|Any CPU
		{75B23FE4-AEF6-49DE-B731-BD5F13E8286B}.Release|iPhone.Deploy.0 = Release|Any CPU
		{75B23FE4-AEF6-49DE-B731-BD5F13E8286B}.Release|iPhoneSimulator.ActiveCfg = Release|Any CPU
		{75B23FE4-AEF6-49DE-B731-BD5F13E8286B}.Release|iPhoneSimulator.Build.0 = Release|Any CPU
		{75B23FE4-AEF6-49DE-B731-BD5F13E8286B}.Release|iPhoneSimulator.Deploy.0 = Release|Any CPU
		{75B23FE4-AEF6-49DE-B731-BD5F13E8286B}.Release|x64.ActiveCfg = Release|Any CPU
		{75B23FE4-AEF6-49DE-B731-BD5F13E8286B}.Release|x64.Build.0 = Release|Any CPU
		{75B23FE4-AEF6-49DE-B731-BD5F13E8286B}.Release|x64.Deploy.0 = Release|Any CPU
		{75B23FE4-AEF6-49DE-B731-BD5F13E8286B}.Release|x86.ActiveCfg = Release|Any CPU
		{75B23FE4-AEF6-49DE-B731-BD5F13E8286B}.Release|x86.Build.0 = Release|Any CPU
		{75B23FE4-AEF6-49DE-B731-BD5F13E8286B}.Release|x86.Deploy.0 = Release|Any CPU
		{DD854942-C46D-45E6-A84B-F78CF0DE5B47}.Ad-Hoc|Any CPU.ActiveCfg = Ad-Hoc|iPhone
		{DD854942-C46D-45E6-A84B-F78CF0DE5B47}.Ad-Hoc|ARM.ActiveCfg = Ad-Hoc|iPhone
		{DD854942-C46D-45E6-A84B-F78CF0DE5B47}.Ad-Hoc|iPhone.ActiveCfg = Ad-Hoc|iPhone
		{DD854942-C46D-45E6-A84B-F78CF0DE5B47}.Ad-Hoc|iPhone.Build.0 = Ad-Hoc|iPhone
		{DD854942-C46D-45E6-A84B-F78CF0DE5B47}.Ad-Hoc|iPhoneSimulator.ActiveCfg = Ad-Hoc|iPhoneSimulator
		{DD854942-C46D-45E6-A84B-F78CF0DE5B47}.Ad-Hoc|iPhoneSimulator.Build.0 = Ad-Hoc|iPhoneSimulator
		{DD854942-C46D-45E6-A84B-F78CF0DE5B47}.Ad-Hoc|x64.ActiveCfg = Ad-Hoc|iPhone
		{DD854942-C46D-45E6-A84B-F78CF0DE5B47}.Ad-Hoc|x86.ActiveCfg = Ad-Hoc|iPhone
		{DD854942-C46D-45E6-A84B-F78CF0DE5B47}.AppStore|Any CPU.ActiveCfg = AppStore|iPhone
		{DD854942-C46D-45E6-A84B-F78CF0DE5B47}.AppStore|ARM.ActiveCfg = AppStore|iPhone
		{DD854942-C46D-45E6-A84B-F78CF0DE5B47}.AppStore|iPhone.ActiveCfg = AppStore|iPhone
		{DD854942-C46D-45E6-A84B-F78CF0DE5B47}.AppStore|iPhone.Build.0 = AppStore|iPhone
		{DD854942-C46D-45E6-A84B-F78CF0DE5B47}.AppStore|iPhoneSimulator.ActiveCfg = AppStore|iPhoneSimulator
		{DD854942-C46D-45E6-A84B-F78CF0DE5B47}.AppStore|iPhoneSimulator.Build.0 = AppStore|iPhoneSimulator
		{DD854942-C46D-45E6-A84B-F78CF0DE5B47}.AppStore|x64.ActiveCfg = AppStore|iPhone
		{DD854942-C46D-45E6-A84B-F78CF0DE5B47}.AppStore|x86.ActiveCfg = AppStore|iPhone
		{DD854942-C46D-45E6-A84B-F78CF0DE5B47}.Debug|Any CPU.ActiveCfg = Debug|iPhone
		{DD854942-C46D-45E6-A84B-F78CF0DE5B47}.Debug|ARM.ActiveCfg = Debug|iPhone
		{DD854942-C46D-45E6-A84B-F78CF0DE5B47}.Debug|iPhone.ActiveCfg = Debug|iPhone
		{DD854942-C46D-45E6-A84B-F78CF0DE5B47}.Debug|iPhone.Build.0 = Debug|iPhone
		{DD854942-C46D-45E6-A84B-F78CF0DE5B47}.Debug|iPhoneSimulator.ActiveCfg = Debug|iPhoneSimulator
		{DD854942-C46D-45E6-A84B-F78CF0DE5B47}.Debug|iPhoneSimulator.Build.0 = Debug|iPhoneSimulator
		{DD854942-C46D-45E6-A84B-F78CF0DE5B47}.Debug|x64.ActiveCfg = Debug|iPhone
		{DD854942-C46D-45E6-A84B-F78CF0DE5B47}.Debug|x86.ActiveCfg = Debug|iPhone
		{DD854942-C46D-45E6-A84B-F78CF0DE5B47}.Release|Any CPU.ActiveCfg = Release|iPhone
		{DD854942-C46D-45E6-A84B-F78CF0DE5B47}.Release|ARM.ActiveCfg = Release|iPhone
		{DD854942-C46D-45E6-A84B-F78CF0DE5B47}.Release|iPhone.ActiveCfg = Release|iPhone
		{DD854942-C46D-45E6-A84B-F78CF0DE5B47}.Release|iPhone.Build.0 = Release|iPhone
		{DD854942-C46D-45E6-A84B-F78CF0DE5B47}.Release|iPhoneSimulator.ActiveCfg = Release|iPhoneSimulator
		{DD854942-C46D-45E6-A84B-F78CF0DE5B47}.Release|iPhoneSimulator.Build.0 = Release|iPhoneSimulator
		{DD854942-C46D-45E6-A84B-F78CF0DE5B47}.Release|x64.ActiveCfg = Release|iPhone
		{DD854942-C46D-45E6-A84B-F78CF0DE5B47}.Release|x86.ActiveCfg = Release|iPhone
		{0CD1319C-0DFA-444E-95F4-20E21BA44CBF}.Ad-Hoc|Any CPU.ActiveCfg = Release|Any CPU
		{0CD1319C-0DFA-444E-95F4-20E21BA44CBF}.Ad-Hoc|Any CPU.Build.0 = Release|Any CPU
		{0CD1319C-0DFA-444E-95F4-20E21BA44CBF}.Ad-Hoc|Any CPU.Deploy.0 = Release|Any CPU
		{0CD1319C-0DFA-444E-95F4-20E21BA44CBF}.Ad-Hoc|ARM.ActiveCfg = Release|ARM
		{0CD1319C-0DFA-444E-95F4-20E21BA44CBF}.Ad-Hoc|ARM.Build.0 = Release|ARM
		{0CD1319C-0DFA-444E-95F4-20E21BA44CBF}.Ad-Hoc|ARM.Deploy.0 = Release|ARM
		{0CD1319C-0DFA-444E-95F4-20E21BA44CBF}.Ad-Hoc|iPhone.ActiveCfg = Release|Any CPU
		{0CD1319C-0DFA-444E-95F4-20E21BA44CBF}.Ad-Hoc|iPhone.Build.0 = Release|Any CPU
		{0CD1319C-0DFA-444E-95F4-20E21BA44CBF}.Ad-Hoc|iPhone.Deploy.0 = Release|Any CPU
		{0CD1319C-0DFA-444E-95F4-20E21BA44CBF}.Ad-Hoc|iPhoneSimulator.ActiveCfg = Release|Any CPU
		{0CD1319C-0DFA-444E-95F4-20E21BA44CBF}.Ad-Hoc|iPhoneSimulator.Build.0 = Release|Any CPU
		{0CD1319C-0DFA-444E-95F4-20E21BA44CBF}.Ad-Hoc|iPhoneSimulator.Deploy.0 = Release|Any CPU
		{0CD1319C-0DFA-444E-95F4-20E21BA44CBF}.Ad-Hoc|x64.ActiveCfg = Release|Any CPU
		{0CD1319C-0DFA-444E-95F4-20E21BA44CBF}.Ad-Hoc|x64.Build.0 = Release|Any CPU
		{0CD1319C-0DFA-444E-95F4-20E21BA44CBF}.Ad-Hoc|x64.Deploy.0 = Release|Any CPU
		{0CD1319C-0DFA-444E-95F4-20E21BA44CBF}.Ad-Hoc|x86.ActiveCfg = Release|x86
		{0CD1319C-0DFA-444E-95F4-20E21BA44CBF}.Ad-Hoc|x86.Build.0 = Release|x86
		{0CD1319C-0DFA-444E-95F4-20E21BA44CBF}.Ad-Hoc|x86.Deploy.0 = Release|x86
		{0CD1319C-0DFA-444E-95F4-20E21BA44CBF}.AppStore|Any CPU.ActiveCfg = Release|Any CPU
		{0CD1319C-0DFA-444E-95F4-20E21BA44CBF}.AppStore|Any CPU.Build.0 = Release|Any CPU
		{0CD1319C-0DFA-444E-95F4-20E21BA44CBF}.AppStore|Any CPU.Deploy.0 = Release|Any CPU
		{0CD1319C-0DFA-444E-95F4-20E21BA44CBF}.AppStore|ARM.ActiveCfg = Release|ARM
		{0CD1319C-0DFA-444E-95F4-20E21BA44CBF}.AppStore|ARM.Build.0 = Release|ARM
		{0CD1319C-0DFA-444E-95F4-20E21BA44CBF}.AppStore|ARM.Deploy.0 = Release|ARM
		{0CD1319C-0DFA-444E-95F4-20E21BA44CBF}.AppStore|iPhone.ActiveCfg = Release|Any CPU
		{0CD1319C-0DFA-444E-95F4-20E21BA44CBF}.AppStore|iPhone.Build.0 = Release|Any CPU
		{0CD1319C-0DFA-444E-95F4-20E21BA44CBF}.AppStore|iPhone.Deploy.0 = Release|Any CPU
		{0CD1319C-0DFA-444E-95F4-20E21BA44CBF}.AppStore|iPhoneSimulator.ActiveCfg = Release|Any CPU
		{0CD1319C-0DFA-444E-95F4-20E21BA44CBF}.AppStore|iPhoneSimulator.Build.0 = Release|Any CPU
		{0CD1319C-0DFA-444E-95F4-20E21BA44CBF}.AppStore|iPhoneSimulator.Deploy.0 = Release|Any CPU
		{0CD1319C-0DFA-444E-95F4-20E21BA44CBF}.AppStore|x64.ActiveCfg = Release|Any CPU
		{0CD1319C-0DFA-444E-95F4-20E21BA44CBF}.AppStore|x64.Build.0 = Release|Any CPU
		{0CD1319C-0DFA-444E-95F4-20E21BA44CBF}.AppStore|x64.Deploy.0 = Release|Any CPU
		{0CD1319C-0DFA-444E-95F4-20E21BA44CBF}.AppStore|x86.ActiveCfg = Release|x86
		{0CD1319C-0DFA-444E-95F4-20E21BA44CBF}.AppStore|x86.Build.0 = Release|x86
		{0CD1319C-0DFA-444E-95F4-20E21BA44CBF}.AppStore|x86.Deploy.0 = Release|x86
		{0CD1319C-0DFA-444E-95F4-20E21BA44CBF}.Debug|Any CPU.ActiveCfg = Debug|Any CPU
		{0CD1319C-0DFA-444E-95F4-20E21BA44CBF}.Debug|Any CPU.Build.0 = Debug|Any CPU
		{0CD1319C-0DFA-444E-95F4-20E21BA44CBF}.Debug|Any CPU.Deploy.0 = Debug|Any CPU
		{0CD1319C-0DFA-444E-95F4-20E21BA44CBF}.Debug|ARM.ActiveCfg = Debug|ARM
		{0CD1319C-0DFA-444E-95F4-20E21BA44CBF}.Debug|ARM.Build.0 = Debug|ARM
		{0CD1319C-0DFA-444E-95F4-20E21BA44CBF}.Debug|ARM.Deploy.0 = Debug|ARM
		{0CD1319C-0DFA-444E-95F4-20E21BA44CBF}.Debug|iPhone.ActiveCfg = Debug|Any CPU
		{0CD1319C-0DFA-444E-95F4-20E21BA44CBF}.Debug|iPhone.Build.0 = Debug|Any CPU
		{0CD1319C-0DFA-444E-95F4-20E21BA44CBF}.Debug|iPhone.Deploy.0 = Debug|Any CPU
		{0CD1319C-0DFA-444E-95F4-20E21BA44CBF}.Debug|iPhoneSimulator.ActiveCfg = Debug|Any CPU
		{0CD1319C-0DFA-444E-95F4-20E21BA44CBF}.Debug|iPhoneSimulator.Build.0 = Debug|Any CPU
		{0CD1319C-0DFA-444E-95F4-20E21BA44CBF}.Debug|iPhoneSimulator.Deploy.0 = Debug|Any CPU
		{0CD1319C-0DFA-444E-95F4-20E21BA44CBF}.Debug|x64.ActiveCfg = Debug|Any CPU
		{0CD1319C-0DFA-444E-95F4-20E21BA44CBF}.Debug|x64.Build.0 = Debug|Any CPU
		{0CD1319C-0DFA-444E-95F4-20E21BA44CBF}.Debug|x64.Deploy.0 = Debug|Any CPU
		{0CD1319C-0DFA-444E-95F4-20E21BA44CBF}.Debug|x86.ActiveCfg = Debug|x86
		{0CD1319C-0DFA-444E-95F4-20E21BA44CBF}.Debug|x86.Build.0 = Debug|x86
		{0CD1319C-0DFA-444E-95F4-20E21BA44CBF}.Debug|x86.Deploy.0 = Debug|x86
		{0CD1319C-0DFA-444E-95F4-20E21BA44CBF}.Release|Any CPU.ActiveCfg = Release|Any CPU
		{0CD1319C-0DFA-444E-95F4-20E21BA44CBF}.Release|Any CPU.Build.0 = Release|Any CPU
		{0CD1319C-0DFA-444E-95F4-20E21BA44CBF}.Release|Any CPU.Deploy.0 = Release|Any CPU
		{0CD1319C-0DFA-444E-95F4-20E21BA44CBF}.Release|ARM.ActiveCfg = Release|ARM
		{0CD1319C-0DFA-444E-95F4-20E21BA44CBF}.Release|ARM.Build.0 = Release|ARM
		{0CD1319C-0DFA-444E-95F4-20E21BA44CBF}.Release|ARM.Deploy.0 = Release|ARM
		{0CD1319C-0DFA-444E-95F4-20E21BA44CBF}.Release|iPhone.ActiveCfg = Release|Any CPU
		{0CD1319C-0DFA-444E-95F4-20E21BA44CBF}.Release|iPhone.Build.0 = Release|Any CPU
		{0CD1319C-0DFA-444E-95F4-20E21BA44CBF}.Release|iPhone.Deploy.0 = Release|Any CPU
		{0CD1319C-0DFA-444E-95F4-20E21BA44CBF}.Release|iPhoneSimulator.ActiveCfg = Release|Any CPU
		{0CD1319C-0DFA-444E-95F4-20E21BA44CBF}.Release|iPhoneSimulator.Build.0 = Release|Any CPU
		{0CD1319C-0DFA-444E-95F4-20E21BA44CBF}.Release|iPhoneSimulator.Deploy.0 = Release|Any CPU
		{0CD1319C-0DFA-444E-95F4-20E21BA44CBF}.Release|x64.ActiveCfg = Release|Any CPU
		{0CD1319C-0DFA-444E-95F4-20E21BA44CBF}.Release|x64.Build.0 = Release|Any CPU
		{0CD1319C-0DFA-444E-95F4-20E21BA44CBF}.Release|x64.Deploy.0 = Release|Any CPU
		{0CD1319C-0DFA-444E-95F4-20E21BA44CBF}.Release|x86.ActiveCfg = Release|x86
		{0CD1319C-0DFA-444E-95F4-20E21BA44CBF}.Release|x86.Build.0 = Release|x86
		{0CD1319C-0DFA-444E-95F4-20E21BA44CBF}.Release|x86.Deploy.0 = Release|x86
		{7390A39A-6C07-4E36-A029-3FE69A6DE14B}.Ad-Hoc|Any CPU.ActiveCfg = Release|x86
		{7390A39A-6C07-4E36-A029-3FE69A6DE14B}.Ad-Hoc|Any CPU.Build.0 = Release|x86
		{7390A39A-6C07-4E36-A029-3FE69A6DE14B}.Ad-Hoc|Any CPU.Deploy.0 = Release|x86
		{7390A39A-6C07-4E36-A029-3FE69A6DE14B}.Ad-Hoc|ARM.ActiveCfg = Release|ARM
		{7390A39A-6C07-4E36-A029-3FE69A6DE14B}.Ad-Hoc|ARM.Build.0 = Release|ARM
		{7390A39A-6C07-4E36-A029-3FE69A6DE14B}.Ad-Hoc|ARM.Deploy.0 = Release|ARM
		{7390A39A-6C07-4E36-A029-3FE69A6DE14B}.Ad-Hoc|iPhone.ActiveCfg = Release|x86
		{7390A39A-6C07-4E36-A029-3FE69A6DE14B}.Ad-Hoc|iPhone.Build.0 = Release|x86
		{7390A39A-6C07-4E36-A029-3FE69A6DE14B}.Ad-Hoc|iPhone.Deploy.0 = Release|x86
		{7390A39A-6C07-4E36-A029-3FE69A6DE14B}.Ad-Hoc|iPhoneSimulator.ActiveCfg = Release|x86
		{7390A39A-6C07-4E36-A029-3FE69A6DE14B}.Ad-Hoc|iPhoneSimulator.Build.0 = Release|x86
		{7390A39A-6C07-4E36-A029-3FE69A6DE14B}.Ad-Hoc|iPhoneSimulator.Deploy.0 = Release|x86
		{7390A39A-6C07-4E36-A029-3FE69A6DE14B}.Ad-Hoc|x64.ActiveCfg = Release|x64
		{7390A39A-6C07-4E36-A029-3FE69A6DE14B}.Ad-Hoc|x64.Build.0 = Release|x64
		{7390A39A-6C07-4E36-A029-3FE69A6DE14B}.Ad-Hoc|x64.Deploy.0 = Release|x64
		{7390A39A-6C07-4E36-A029-3FE69A6DE14B}.Ad-Hoc|x86.ActiveCfg = Release|x86
		{7390A39A-6C07-4E36-A029-3FE69A6DE14B}.Ad-Hoc|x86.Build.0 = Release|x86
		{7390A39A-6C07-4E36-A029-3FE69A6DE14B}.Ad-Hoc|x86.Deploy.0 = Release|x86
		{7390A39A-6C07-4E36-A029-3FE69A6DE14B}.AppStore|Any CPU.ActiveCfg = Release|x86
		{7390A39A-6C07-4E36-A029-3FE69A6DE14B}.AppStore|Any CPU.Build.0 = Release|x86
		{7390A39A-6C07-4E36-A029-3FE69A6DE14B}.AppStore|Any CPU.Deploy.0 = Release|x86
		{7390A39A-6C07-4E36-A029-3FE69A6DE14B}.AppStore|ARM.ActiveCfg = Release|ARM
		{7390A39A-6C07-4E36-A029-3FE69A6DE14B}.AppStore|ARM.Build.0 = Release|ARM
		{7390A39A-6C07-4E36-A029-3FE69A6DE14B}.AppStore|ARM.Deploy.0 = Release|ARM
		{7390A39A-6C07-4E36-A029-3FE69A6DE14B}.AppStore|iPhone.ActiveCfg = Release|x86
		{7390A39A-6C07-4E36-A029-3FE69A6DE14B}.AppStore|iPhone.Build.0 = Release|x86
		{7390A39A-6C07-4E36-A029-3FE69A6DE14B}.AppStore|iPhone.Deploy.0 = Release|x86
		{7390A39A-6C07-4E36-A029-3FE69A6DE14B}.AppStore|iPhoneSimulator.ActiveCfg = Release|x86
		{7390A39A-6C07-4E36-A029-3FE69A6DE14B}.AppStore|iPhoneSimulator.Build.0 = Release|x86
		{7390A39A-6C07-4E36-A029-3FE69A6DE14B}.AppStore|iPhoneSimulator.Deploy.0 = Release|x86
		{7390A39A-6C07-4E36-A029-3FE69A6DE14B}.AppStore|x64.ActiveCfg = Release|x64
		{7390A39A-6C07-4E36-A029-3FE69A6DE14B}.AppStore|x64.Build.0 = Release|x64
		{7390A39A-6C07-4E36-A029-3FE69A6DE14B}.AppStore|x64.Deploy.0 = Release|x64
		{7390A39A-6C07-4E36-A029-3FE69A6DE14B}.AppStore|x86.ActiveCfg = Release|x86
		{7390A39A-6C07-4E36-A029-3FE69A6DE14B}.AppStore|x86.Build.0 = Release|x86
		{7390A39A-6C07-4E36-A029-3FE69A6DE14B}.AppStore|x86.Deploy.0 = Release|x86
		{7390A39A-6C07-4E36-A029-3FE69A6DE14B}.Debug|Any CPU.ActiveCfg = Debug|x86
		{7390A39A-6C07-4E36-A029-3FE69A6DE14B}.Debug|ARM.ActiveCfg = Debug|ARM
		{7390A39A-6C07-4E36-A029-3FE69A6DE14B}.Debug|ARM.Build.0 = Debug|ARM
		{7390A39A-6C07-4E36-A029-3FE69A6DE14B}.Debug|ARM.Deploy.0 = Debug|ARM
		{7390A39A-6C07-4E36-A029-3FE69A6DE14B}.Debug|iPhone.ActiveCfg = Debug|x86
		{7390A39A-6C07-4E36-A029-3FE69A6DE14B}.Debug|iPhoneSimulator.ActiveCfg = Debug|x86
		{7390A39A-6C07-4E36-A029-3FE69A6DE14B}.Debug|x64.ActiveCfg = Debug|x64
		{7390A39A-6C07-4E36-A029-3FE69A6DE14B}.Debug|x64.Build.0 = Debug|x64
		{7390A39A-6C07-4E36-A029-3FE69A6DE14B}.Debug|x64.Deploy.0 = Debug|x64
		{7390A39A-6C07-4E36-A029-3FE69A6DE14B}.Debug|x86.ActiveCfg = Debug|x86
		{7390A39A-6C07-4E36-A029-3FE69A6DE14B}.Debug|x86.Build.0 = Debug|x86
		{7390A39A-6C07-4E36-A029-3FE69A6DE14B}.Debug|x86.Deploy.0 = Debug|x86
		{7390A39A-6C07-4E36-A029-3FE69A6DE14B}.Release|Any CPU.ActiveCfg = Release|x86
		{7390A39A-6C07-4E36-A029-3FE69A6DE14B}.Release|ARM.ActiveCfg = Release|ARM
		{7390A39A-6C07-4E36-A029-3FE69A6DE14B}.Release|ARM.Build.0 = Release|ARM
		{7390A39A-6C07-4E36-A029-3FE69A6DE14B}.Release|ARM.Deploy.0 = Release|ARM
		{7390A39A-6C07-4E36-A029-3FE69A6DE14B}.Release|iPhone.ActiveCfg = Release|x86
		{7390A39A-6C07-4E36-A029-3FE69A6DE14B}.Release|iPhoneSimulator.ActiveCfg = Release|x86
		{7390A39A-6C07-4E36-A029-3FE69A6DE14B}.Release|x64.ActiveCfg = Release|x64
		{7390A39A-6C07-4E36-A029-3FE69A6DE14B}.Release|x64.Build.0 = Release|x64
		{7390A39A-6C07-4E36-A029-3FE69A6DE14B}.Release|x64.Deploy.0 = Release|x64
		{7390A39A-6C07-4E36-A029-3FE69A6DE14B}.Release|x86.ActiveCfg = Release|x86
		{7390A39A-6C07-4E36-A029-3FE69A6DE14B}.Release|x86.Build.0 = Release|x86
		{7390A39A-6C07-4E36-A029-3FE69A6DE14B}.Release|x86.Deploy.0 = Release|x86
		{8B57EA0D-7191-486E-A4DE-99A7E4912BBE}.Ad-Hoc|Any CPU.ActiveCfg = Release|Any CPU
		{8B57EA0D-7191-486E-A4DE-99A7E4912BBE}.Ad-Hoc|Any CPU.Build.0 = Release|Any CPU
		{8B57EA0D-7191-486E-A4DE-99A7E4912BBE}.Ad-Hoc|Any CPU.Deploy.0 = Release|Any CPU
		{8B57EA0D-7191-486E-A4DE-99A7E4912BBE}.Ad-Hoc|ARM.ActiveCfg = Release|ARM
		{8B57EA0D-7191-486E-A4DE-99A7E4912BBE}.Ad-Hoc|ARM.Build.0 = Release|ARM
		{8B57EA0D-7191-486E-A4DE-99A7E4912BBE}.Ad-Hoc|ARM.Deploy.0 = Release|ARM
		{8B57EA0D-7191-486E-A4DE-99A7E4912BBE}.Ad-Hoc|iPhone.ActiveCfg = Release|Any CPU
		{8B57EA0D-7191-486E-A4DE-99A7E4912BBE}.Ad-Hoc|iPhone.Build.0 = Release|Any CPU
		{8B57EA0D-7191-486E-A4DE-99A7E4912BBE}.Ad-Hoc|iPhone.Deploy.0 = Release|Any CPU
		{8B57EA0D-7191-486E-A4DE-99A7E4912BBE}.Ad-Hoc|iPhoneSimulator.ActiveCfg = Release|Any CPU
		{8B57EA0D-7191-486E-A4DE-99A7E4912BBE}.Ad-Hoc|iPhoneSimulator.Build.0 = Release|Any CPU
		{8B57EA0D-7191-486E-A4DE-99A7E4912BBE}.Ad-Hoc|iPhoneSimulator.Deploy.0 = Release|Any CPU
		{8B57EA0D-7191-486E-A4DE-99A7E4912BBE}.Ad-Hoc|x64.ActiveCfg = Release|x64
		{8B57EA0D-7191-486E-A4DE-99A7E4912BBE}.Ad-Hoc|x64.Build.0 = Release|x64
		{8B57EA0D-7191-486E-A4DE-99A7E4912BBE}.Ad-Hoc|x64.Deploy.0 = Release|x64
		{8B57EA0D-7191-486E-A4DE-99A7E4912BBE}.Ad-Hoc|x86.ActiveCfg = Release|x86
		{8B57EA0D-7191-486E-A4DE-99A7E4912BBE}.Ad-Hoc|x86.Build.0 = Release|x86
		{8B57EA0D-7191-486E-A4DE-99A7E4912BBE}.Ad-Hoc|x86.Deploy.0 = Release|x86
		{8B57EA0D-7191-486E-A4DE-99A7E4912BBE}.AppStore|Any CPU.ActiveCfg = Release|Any CPU
		{8B57EA0D-7191-486E-A4DE-99A7E4912BBE}.AppStore|Any CPU.Build.0 = Release|Any CPU
		{8B57EA0D-7191-486E-A4DE-99A7E4912BBE}.AppStore|Any CPU.Deploy.0 = Release|Any CPU
		{8B57EA0D-7191-486E-A4DE-99A7E4912BBE}.AppStore|ARM.ActiveCfg = Release|ARM
		{8B57EA0D-7191-486E-A4DE-99A7E4912BBE}.AppStore|ARM.Build.0 = Release|ARM
		{8B57EA0D-7191-486E-A4DE-99A7E4912BBE}.AppStore|ARM.Deploy.0 = Release|ARM
		{8B57EA0D-7191-486E-A4DE-99A7E4912BBE}.AppStore|iPhone.ActiveCfg = Release|Any CPU
		{8B57EA0D-7191-486E-A4DE-99A7E4912BBE}.AppStore|iPhone.Build.0 = Release|Any CPU
		{8B57EA0D-7191-486E-A4DE-99A7E4912BBE}.AppStore|iPhone.Deploy.0 = Release|Any CPU
		{8B57EA0D-7191-486E-A4DE-99A7E4912BBE}.AppStore|iPhoneSimulator.ActiveCfg = Release|Any CPU
		{8B57EA0D-7191-486E-A4DE-99A7E4912BBE}.AppStore|iPhoneSimulator.Build.0 = Release|Any CPU
		{8B57EA0D-7191-486E-A4DE-99A7E4912BBE}.AppStore|iPhoneSimulator.Deploy.0 = Release|Any CPU
		{8B57EA0D-7191-486E-A4DE-99A7E4912BBE}.AppStore|x64.ActiveCfg = Release|x64
		{8B57EA0D-7191-486E-A4DE-99A7E4912BBE}.AppStore|x64.Build.0 = Release|x64
		{8B57EA0D-7191-486E-A4DE-99A7E4912BBE}.AppStore|x64.Deploy.0 = Release|x64
		{8B57EA0D-7191-486E-A4DE-99A7E4912BBE}.AppStore|x86.ActiveCfg = Release|x86
		{8B57EA0D-7191-486E-A4DE-99A7E4912BBE}.AppStore|x86.Build.0 = Release|x86
		{8B57EA0D-7191-486E-A4DE-99A7E4912BBE}.AppStore|x86.Deploy.0 = Release|x86
		{8B57EA0D-7191-486E-A4DE-99A7E4912BBE}.Debug|Any CPU.ActiveCfg = Debug|Any CPU
		{8B57EA0D-7191-486E-A4DE-99A7E4912BBE}.Debug|Any CPU.Build.0 = Debug|Any CPU
		{8B57EA0D-7191-486E-A4DE-99A7E4912BBE}.Debug|Any CPU.Deploy.0 = Debug|Any CPU
		{8B57EA0D-7191-486E-A4DE-99A7E4912BBE}.Debug|ARM.ActiveCfg = Debug|ARM
		{8B57EA0D-7191-486E-A4DE-99A7E4912BBE}.Debug|ARM.Build.0 = Debug|ARM
		{8B57EA0D-7191-486E-A4DE-99A7E4912BBE}.Debug|ARM.Deploy.0 = Debug|ARM
		{8B57EA0D-7191-486E-A4DE-99A7E4912BBE}.Debug|iPhone.ActiveCfg = Debug|Any CPU
		{8B57EA0D-7191-486E-A4DE-99A7E4912BBE}.Debug|iPhone.Build.0 = Debug|Any CPU
		{8B57EA0D-7191-486E-A4DE-99A7E4912BBE}.Debug|iPhone.Deploy.0 = Debug|Any CPU
		{8B57EA0D-7191-486E-A4DE-99A7E4912BBE}.Debug|iPhoneSimulator.ActiveCfg = Debug|Any CPU
		{8B57EA0D-7191-486E-A4DE-99A7E4912BBE}.Debug|iPhoneSimulator.Build.0 = Debug|Any CPU
		{8B57EA0D-7191-486E-A4DE-99A7E4912BBE}.Debug|iPhoneSimulator.Deploy.0 = Debug|Any CPU
		{8B57EA0D-7191-486E-A4DE-99A7E4912BBE}.Debug|x64.ActiveCfg = Debug|x64
		{8B57EA0D-7191-486E-A4DE-99A7E4912BBE}.Debug|x64.Build.0 = Debug|x64
		{8B57EA0D-7191-486E-A4DE-99A7E4912BBE}.Debug|x64.Deploy.0 = Debug|x64
		{8B57EA0D-7191-486E-A4DE-99A7E4912BBE}.Debug|x86.ActiveCfg = Debug|x86
		{8B57EA0D-7191-486E-A4DE-99A7E4912BBE}.Debug|x86.Build.0 = Debug|x86
		{8B57EA0D-7191-486E-A4DE-99A7E4912BBE}.Debug|x86.Deploy.0 = Debug|x86
		{8B57EA0D-7191-486E-A4DE-99A7E4912BBE}.Release|Any CPU.ActiveCfg = Release|Any CPU
		{8B57EA0D-7191-486E-A4DE-99A7E4912BBE}.Release|Any CPU.Build.0 = Release|Any CPU
		{8B57EA0D-7191-486E-A4DE-99A7E4912BBE}.Release|Any CPU.Deploy.0 = Release|Any CPU
		{8B57EA0D-7191-486E-A4DE-99A7E4912BBE}.Release|ARM.ActiveCfg = Release|ARM
		{8B57EA0D-7191-486E-A4DE-99A7E4912BBE}.Release|ARM.Build.0 = Release|ARM
		{8B57EA0D-7191-486E-A4DE-99A7E4912BBE}.Release|ARM.Deploy.0 = Release|ARM
		{8B57EA0D-7191-486E-A4DE-99A7E4912BBE}.Release|iPhone.ActiveCfg = Release|Any CPU
		{8B57EA0D-7191-486E-A4DE-99A7E4912BBE}.Release|iPhone.Build.0 = Release|Any CPU
		{8B57EA0D-7191-486E-A4DE-99A7E4912BBE}.Release|iPhone.Deploy.0 = Release|Any CPU
		{8B57EA0D-7191-486E-A4DE-99A7E4912BBE}.Release|iPhoneSimulator.ActiveCfg = Release|Any CPU
		{8B57EA0D-7191-486E-A4DE-99A7E4912BBE}.Release|iPhoneSimulator.Build.0 = Release|Any CPU
		{8B57EA0D-7191-486E-A4DE-99A7E4912BBE}.Release|iPhoneSimulator.Deploy.0 = Release|Any CPU
		{8B57EA0D-7191-486E-A4DE-99A7E4912BBE}.Release|x64.ActiveCfg = Release|x64
		{8B57EA0D-7191-486E-A4DE-99A7E4912BBE}.Release|x64.Build.0 = Release|x64
		{8B57EA0D-7191-486E-A4DE-99A7E4912BBE}.Release|x64.Deploy.0 = Release|x64
		{8B57EA0D-7191-486E-A4DE-99A7E4912BBE}.Release|x86.ActiveCfg = Release|x86
		{8B57EA0D-7191-486E-A4DE-99A7E4912BBE}.Release|x86.Build.0 = Release|x86
		{8B57EA0D-7191-486E-A4DE-99A7E4912BBE}.Release|x86.Deploy.0 = Release|x86
	EndGlobalSection
	GlobalSection(SolutionProperties) = preSolution
		HideSolutionNode = FALSE
	EndGlobalSection
EndGlobal
